{
  "name": "frontend",
  "version": "1.0.0",
  "lockfileVersion": 1,
  "requires": true,
  "dependencies": {
    "@100mslive/hms-video": {
      "version": "0.4.0",
      "resolved": "https://registry.npmjs.org/@100mslive/hms-video/-/hms-video-0.4.0.tgz",
      "integrity": "sha512-V/x8uBVCpBCcy3PbYARCgAn8dwSSjNBvk77/brs4gBKz0mkvJcRBI/nCBJiDVrCZ+XD+cxrBfhyfrIvvEisP/A==",
      "requires": {
        "eventemitter2": "^6.4.5",
        "sdp-transform": "^2.14.1",
        "ua-parser-js": "^1.0.1",
        "uuid": "^8.3.2",
        "webrtc-adapter": "^8.0.0"
      }
    },
    "@100mslive/hms-video-store": {
      "version": "0.5.0",
      "resolved": "https://registry.npmjs.org/@100mslive/hms-video-store/-/hms-video-store-0.5.0.tgz",
      "integrity": "sha512-oF1GaEkTiJbHHgm+9oLe0CmqZxKf/wJAKCzf0NRO/TlfNACTUmv7b5/nnBC21exwYOw0gpnWL+P+eY5WtSFRMQ==",
      "requires": {
        "@100mslive/hms-video": "0.4.0",
        "eventemitter2": "^6.4.5",
        "immer": "^9.0.6",
        "reselect": "4.0.0",
        "zustand": "3.5.7"
      }
    },
    "eventemitter2": {
      "version": "6.4.7",
      "resolved": "https://registry.npmjs.org/eventemitter2/-/eventemitter2-6.4.7.tgz",
      "integrity": "sha512-tYUSVOGeQPKt/eC1ABfhHy5Xd96N3oIijJvN3O9+TsC28T5V9yX9oEfEK5faP0EFSNVOG97qtAS68GBrQB2hDg=="
    },
    "immer": {
      "version": "9.0.15",
      "resolved": "https://registry.npmjs.org/immer/-/immer-9.0.15.tgz",
      "integrity": "sha512-2eB/sswms9AEUSkOm4SbV5Y7Vmt/bKRwByd52jfLkW4OLYeaTP3EEiJ9agqU0O/tq6Dk62Zfj+TJSqfm1rLVGQ=="
    },
    "reselect": {
      "version": "4.0.0",
      "resolved": "https://registry.npmjs.org/reselect/-/reselect-4.0.0.tgz",
      "integrity": "sha512-qUgANli03jjAyGlnbYVAV5vvnOmJnODyABz51RdBN7M4WaVu8mecZWgyQNkG8Yqe3KRGRt0l4K4B3XVEULC4CA=="
    },
    "sdp": {
      "version": "3.0.3",
      "resolved": "https://registry.npmjs.org/sdp/-/sdp-3.0.3.tgz",
      "integrity": "sha512-8EkfckS+XZQaPLyChu4ey7PghrdcraCVNpJe2Gfdi2ON1ylQ7OasuKX+b37R9slnRChwIAiQgt+oj8xXGD8x+A=="
    },
    "sdp-transform": {
      "version": "2.14.1",
      "resolved": "https://registry.npmjs.org/sdp-transform/-/sdp-transform-2.14.1.tgz",
      "integrity": "sha512-RjZyX3nVwJyCuTo5tGPx+PZWkDMCg7oOLpSlhjDdZfwUoNqG1mM8nyj31IGHyaPWXhjbP7cdK3qZ2bmkJ1GzRw=="
    },
    "ua-parser-js": {
      "version": "1.0.2",
      "resolved": "https://registry.npmjs.org/ua-parser-js/-/ua-parser-js-1.0.2.tgz",
      "integrity": "sha512-00y/AXhx0/SsnI51fTc0rLRmafiGOM4/O+ny10Ps7f+j/b8p/ZY11ytMgznXkOVo4GQ+KwQG5UQLkLGirsACRg=="
    },
    "uuid": {
      "version": "8.3.2",
      "resolved": "https://registry.npmjs.org/uuid/-/uuid-8.3.2.tgz",
      "integrity": "sha512-+NYs2QeMWy+GWFOEm9xnn6HCDp0l7QBD7ml8zLUmJ+93Q5NF0NocErnwkTkXVFNiX3/fpC6afS8Dhb/gz7R7eg=="
    },
    "webrtc-adapter": {
      "version": "8.1.2",
      "resolved": "https://registry.npmjs.org/webrtc-adapter/-/webrtc-adapter-8.1.2.tgz",
      "integrity": "sha512-j1tsxKR/NmNgqrlLTL5jsNmFBrsIdTvBWZ2I1UAs/J37M1s1chLy1Fp7RfQHflHk3KoSNAxp/4y6ictHJ8prSw==",
      "requires": {
        "sdp": "^3.0.2"
      }
    },
    "zustand": {
      "version": "3.5.7",
      "resolved": "https://registry.npmjs.org/zustand/-/zustand-3.5.7.tgz",
      "integrity": "sha512-DlVFXJavIHyXTOGz6dB+8QHZsPyJcGJSEBtlp2Ivmd5SwtlCnhPo3L8LB6YRfAOJC2PbqzgoD8NMjk+y+vIF0g=="
    }
  }
}
